// !$*UTF8*$!
{
	archiveVersion = 1;
	classes = {
	};
	objectVersion = 77;
	objects = {

/* Begin PBXBuildFile section */
		0146B85F259750CD4089A2F6 /* Persistence.swift in Sources */ = {isa = PBXBuildFile; fileRef = 66428BA56B6043D7BAF2982C /* Persistence.swift */; };
		02146A4F6FC45A2250E5EFA0 /* Assets.xcassets in Resources */ = {isa = PBXBuildFile; fileRef = 77F0E4F6E7E0F99C1CCB8B57 /* Assets.xcassets */; };
		02C68F410ED5437731CEBC31 /* TableBuilder.swift in Sources */ = {isa = PBXBuildFile; fileRef = E19E6F25622AA4C1D29AFE03 /* TableBuilder.swift */; };
		081AEDB0B730B6DE885E4107 /* Platform.swift in Sources */ = {isa = PBXBuildFile; fileRef = 3E2500FD7082B5D8B291E023 /* Platform.swift */; };
		0B21D1FA3DA0D65B76E46306 /* TableGeometry.swift in Sources */ = {isa = PBXBuildFile; fileRef = 9D2CCF5BC0965B69F5007890 /* TableGeometry.swift */; };
		0B24232CAC104BF68779A40D /* ScoreEngine.swift in Sources */ = {isa = PBXBuildFile; fileRef = 606A9C0583D5F1D38B24FDB8 /* ScoreEngine.swift */; };
		0C8ADDEEA92E5A16CA91A072 /* TextureFactory.swift in Sources */ = {isa = PBXBuildFile; fileRef = C9AC02DAA1FE1BEBBC2AE98A /* TextureFactory.swift */; };
		11DFEA72811F584DDA115814 /* PinballScene.swift in Sources */ = {isa = PBXBuildFile; fileRef = 926857206F4DD197BA886BA5 /* PinballScene.swift */; };
		12CF3362EE15E3214DA61E0F /* GameModels.swift in Sources */ = {isa = PBXBuildFile; fileRef = 6A4981EA910AA0B555382AA8 /* GameModels.swift */; };
		1BC07B62057C0C0310FF3F6D /* PinballScene.swift in Sources */ = {isa = PBXBuildFile; fileRef = 926857206F4DD197BA886BA5 /* PinballScene.swift */; };
		1BCBD9F0126645DB719A6606 /* ScoreEngineTests.swift in Sources */ = {isa = PBXBuildFile; fileRef = 20BC782FEBEFF5CF2C35CA60 /* ScoreEngineTests.swift */; };
		1BD24E429E6596EBC702D894 /* HowToPlayView.swift in Sources */ = {isa = PBXBuildFile; fileRef = 564AC7984C863F7EEDE20B88 /* HowToPlayView.swift */; };
		1C74045874877DE36C4D5363 /* AboutView.swift in Sources */ = {isa = PBXBuildFile; fileRef = 520ADDCBCF212316C14B7228 /* AboutView.swift */; };
		1C83D9835B00529286F0F256 /* Palette.swift in Sources */ = {isa = PBXBuildFile; fileRef = 5877EDC0E62B4CC58128A0C6 /* Palette.swift */; };
		1E82CA820A466E2CBDC14BEF /* Persistence.swift in Sources */ = {isa = PBXBuildFile; fileRef = 66428BA56B6043D7BAF2982C /* Persistence.swift */; };
		1FC419E349093012B33EF479 /* Platform.swift in Sources */ = {isa = PBXBuildFile; fileRef = 3E2500FD7082B5D8B291E023 /* Platform.swift */; };
		25D52DB7D3078D956F86CCD4 /* PhysicsTuning.swift in Sources */ = {isa = PBXBuildFile; fileRef = 2B9F56C5033E6F787BE489DE /* PhysicsTuning.swift */; };
		27BA02A33F7D2EA5354F80AE /* SettingsView.swift in Sources */ = {isa = PBXBuildFile; fileRef = 76A978F94A17EFB834D2D689 /* SettingsView.swift */; };
		2802FDA85E6F1F005127591E /* PinballScene+Effects.swift in Sources */ = {isa = PBXBuildFile; fileRef = 5F038E700FB22FB13A063F1B /* PinballScene+Effects.swift */; };
		29BF3D7CFF801BC18E5D2A2A /* Assets.xcassets in Resources */ = {isa = PBXBuildFile; fileRef = 77F0E4F6E7E0F99C1CCB8B57 /* Assets.xcassets */; };
		2BE620EBB58AE12749B075D3 /* ScoreEngine.swift in Sources */ = {isa = PBXBuildFile; fileRef = 606A9C0583D5F1D38B24FDB8 /* ScoreEngine.swift */; };
		2CD7B3BC6DE020D00425ACFA /* HUDView.swift in Sources */ = {isa = PBXBuildFile; fileRef = F6C310062A34F49EAFACFD7D /* HUDView.swift */; };
		2D0E73BF674D075E930ECE68 /* TableLayoutTests.swift in Sources */ = {isa = PBXBuildFile; fileRef = 8FC28BB1A0ACAA7FD6B16C59 /* TableLayoutTests.swift */; };
		2E8D2F79823960B215B589C0 /* HapticsEngine.swift in Sources */ = {isa = PBXBuildFile; fileRef = 507F2531AE40709091686385 /* HapticsEngine.swift */; };
		2F182639C869E44FD3F2EACA /* AppSettings.swift in Sources */ = {isa = PBXBuildFile; fileRef = 05C4C9E99A64BFFB53FB744A /* AppSettings.swift */; };
		32B22379D360098772DDAC0A /* GameModel.swift in Sources */ = {isa = PBXBuildFile; fileRef = 8AED35E33711AB659FE914FA /* GameModel.swift */; };
		32DFB8D3E8E07CF5D81DA8D1 /* GameView.swift in Sources */ = {isa = PBXBuildFile; fileRef = C1173313662A46E3DFA6265E /* GameView.swift */; };
		3CE2E25D8C61CD3DC75D3A51 /* MissionEngine.swift in Sources */ = {isa = PBXBuildFile; fileRef = D1FE4B227DAA2D1D62B18D86 /* MissionEngine.swift */; };
		3F66276E0F517D17D1C9442D /* FlipperNode.swift in Sources */ = {isa = PBXBuildFile; fileRef = A567AE3E5C504980FF3234DC /* FlipperNode.swift */; };
		3F8CE9654C22BAB6DBBA3B36 /* GameOverFlowTests.swift in Sources */ = {isa = PBXBuildFile; fileRef = A482148C55FA0EA990299406 /* GameOverFlowTests.swift */; };
		424FFD6B9563A5FB47E586FF /* AboutView.swift in Sources */ = {isa = PBXBuildFile; fileRef = 520ADDCBCF212316C14B7228 /* AboutView.swift */; };
		42DE7C5FFCE3D110CCE0B27E /* Palette.swift in Sources */ = {isa = PBXBuildFile; fileRef = 5877EDC0E62B4CC58128A0C6 /* Palette.swift */; };
		44E74D6CD683750E6BAE01CC /* HighScoresView.swift in Sources */ = {isa = PBXBuildFile; fileRef = 0AB2195DA816D55A54D64676 /* HighScoresView.swift */; };
		461E26A8D9A579ACDC58E5C2 /* GameControls.swift in Sources */ = {isa = PBXBuildFile; fileRef = E210EC35F6D144C4C4D38715 /* GameControls.swift */; };
		4735637E40668E08BB0ACA49 /* PinballScene+Contacts.swift in Sources */ = {isa = PBXBuildFile; fileRef = 654009995CEE960A5CD0952D /* PinballScene+Contacts.swift */; };
		49625E80198BF4C9C50D8C40 /* GameModel.swift in Sources */ = {isa = PBXBuildFile; fileRef = 8AED35E33711AB659FE914FA /* GameModel.swift */; };
		4FE8895BCE9288F25AD7D3ED /* GameOverView.swift in Sources */ = {isa = PBXBuildFile; fileRef = CF649C12B5EF17311EDA49BD /* GameOverView.swift */; };
		531116F986E751C17661A00C /* PauseOverlay.swift in Sources */ = {isa = PBXBuildFile; fileRef = 010D0534C04133C4C479235B /* PauseOverlay.swift */; };
		5509E31DC45E330A624DC673 /* HighScoresView.swift in Sources */ = {isa = PBXBuildFile; fileRef = 0AB2195DA816D55A54D64676 /* HighScoresView.swift */; };
		58E420F4EB5F899E2DB1AE40 /* TableLayout.swift in Sources */ = {isa = PBXBuildFile; fileRef = F3396483B01C8E995BB05D6C /* TableLayout.swift */; };
		59FD451D3D4648DB73BF1B15 /* Links.swift in Sources */ = {isa = PBXBuildFile; fileRef = ED3CC7E0D6C8C81CBBA6C3C8 /* Links.swift */; };
		5F920EFD0EBFEC971557FB1E /* GameSession.swift in Sources */ = {isa = PBXBuildFile; fileRef = 996BBDC9C0A75A9094F07BDC /* GameSession.swift */; };
		5FD79BE742342A99566C13E9 /* SplashView.swift in Sources */ = {isa = PBXBuildFile; fileRef = C7476573811E0AC45ADF8323 /* SplashView.swift */; };
		618CF60DACF93A86AD653308 /* AudioEngine.swift in Sources */ = {isa = PBXBuildFile; fileRef = A56A52725CE82D601B695653 /* AudioEngine.swift */; };
		630D3E65776B2D07859F4DD4 /* GameSession.swift in Sources */ = {isa = PBXBuildFile; fileRef = 996BBDC9C0A75A9094F07BDC /* GameSession.swift */; };
		631CDB2870607DDC107DC7D8 /* TableLayout.swift in Sources */ = {isa = PBXBuildFile; fileRef = F3396483B01C8E995BB05D6C /* TableLayout.swift */; };
		6DE24D82C9F94CF32C32CD8F /* HUDView.swift in Sources */ = {isa = PBXBuildFile; fileRef = F6C310062A34F49EAFACFD7D /* HUDView.swift */; };
		76DAF8DAA4203FC2998CE717 /* PhysicsCategories.swift in Sources */ = {isa = PBXBuildFile; fileRef = C45E373F8B851D2612EE4F9E /* PhysicsCategories.swift */; };
		7C5EB355B2B353D541B51C9C /* TableNodes.swift in Sources */ = {isa = PBXBuildFile; fileRef = A8B1341AC6F8FB46616DF9A6 /* TableNodes.swift */; };
		7CD5404F86736650736D9F44 /* GameControls.swift in Sources */ = {isa = PBXBuildFile; fileRef = E210EC35F6D144C4C4D38715 /* GameControls.swift */; };
		7D0DC140C0571CA350B29CB3 /* TextureFactory.swift in Sources */ = {isa = PBXBuildFile; fileRef = C9AC02DAA1FE1BEBBC2AE98A /* TextureFactory.swift */; };
		7E5EEED56612FB971110D42C /* BallNode.swift in Sources */ = {isa = PBXBuildFile; fileRef = 2FBE666F00D9C19617554F97 /* BallNode.swift */; };
		7F88711C64A46B8482884DAD /* GameView.swift in Sources */ = {isa = PBXBuildFile; fileRef = C1173313662A46E3DFA6265E /* GameView.swift */; };
		8661354A23666CD7EEB29D2D /* GameOverView.swift in Sources */ = {isa = PBXBuildFile; fileRef = CF649C12B5EF17311EDA49BD /* GameOverView.swift */; };
		886C4AD13CACA60C44067351 /* PinballScene+Effects.swift in Sources */ = {isa = PBXBuildFile; fileRef = 5F038E700FB22FB13A063F1B /* PinballScene+Effects.swift */; };
		8FB841F059FA9B1E69D2BC6B /* MissionEngineTests.swift in Sources */ = {isa = PBXBuildFile; fileRef = 27DF96F89FCDA77CC09F0F16 /* MissionEngineTests.swift */; };
		9067CC046A9BDE5BBC4F4322 /* Components.swift in Sources */ = {isa = PBXBuildFile; fileRef = 55B3F0B942C4A1C02ABDB531 /* Components.swift */; };
		957D57A606BF825C54F0DE6D /* PanelChrome.swift in Sources */ = {isa = PBXBuildFile; fileRef = 46E1C19328D6084B59D7A558 /* PanelChrome.swift */; };
		96D3607369D5F2536584619C /* PhysicsTuning.swift in Sources */ = {isa = PBXBuildFile; fileRef = 2B9F56C5033E6F787BE489DE /* PhysicsTuning.swift */; };
		97CBB3BE208AB93EBFA5531D /* iPinballApp.swift in Sources */ = {isa = PBXBuildFile; fileRef = 098CD933F651CA93ABC166F9 /* iPinballApp.swift */; };
		98572EFBD0C9E6781BAE1930 /* SplashView.swift in Sources */ = {isa = PBXBuildFile; fileRef = C7476573811E0AC45ADF8323 /* SplashView.swift */; };
		99EF02B59675F7243FFE9853 /* AudioEngine.swift in Sources */ = {isa = PBXBuildFile; fileRef = A56A52725CE82D601B695653 /* AudioEngine.swift */; };
		A22C9009B1AAA0E0126C4E1C /* TableGeometry.swift in Sources */ = {isa = PBXBuildFile; fileRef = 9D2CCF5BC0965B69F5007890 /* TableGeometry.swift */; };
		A53A8D51AB0728546EFB276C /* BallNode.swift in Sources */ = {isa = PBXBuildFile; fileRef = 2FBE666F00D9C19617554F97 /* BallNode.swift */; };
		A703A217DE6F33A2E4E126AA /* PinballScene+Contacts.swift in Sources */ = {isa = PBXBuildFile; fileRef = 654009995CEE960A5CD0952D /* PinballScene+Contacts.swift */; };
		A7247FE65B8C6BD149E8B5D1 /* iPinballApp.swift in Sources */ = {isa = PBXBuildFile; fileRef = 098CD933F651CA93ABC166F9 /* iPinballApp.swift */; };
		A7DDACB80C8653D9AF9970CA /* PauseOverlay.swift in Sources */ = {isa = PBXBuildFile; fileRef = 010D0534C04133C4C479235B /* PauseOverlay.swift */; };
		A88CB6F045BF1D4AB0980828 /* PanelChrome.swift in Sources */ = {isa = PBXBuildFile; fileRef = 46E1C19328D6084B59D7A558 /* PanelChrome.swift */; };
		A8E92B5D711FEBCC563E5303 /* Links.swift in Sources */ = {isa = PBXBuildFile; fileRef = ED3CC7E0D6C8C81CBBA6C3C8 /* Links.swift */; };
		A90EFC2FE5ADFED87F1017D4 /* Motion.swift in Sources */ = {isa = PBXBuildFile; fileRef = 39A6815D644027F2AC5B56CB /* Motion.swift */; };
		A9A74CA516A27F664EDFA427 /* SettingsView.swift in Sources */ = {isa = PBXBuildFile; fileRef = 76A978F94A17EFB834D2D689 /* SettingsView.swift */; };
		AE31931FCCE378C5FD8B7327 /* Typography.swift in Sources */ = {isa = PBXBuildFile; fileRef = 01FEA225A18E7956D4004919 /* Typography.swift */; };
		B54D5D71BCB5CBA9CB6A9963 /* Components.swift in Sources */ = {isa = PBXBuildFile; fileRef = 55B3F0B942C4A1C02ABDB531 /* Components.swift */; };
		B599556E26D84C93A9099FAD /* FlipperNode.swift in Sources */ = {isa = PBXBuildFile; fileRef = A567AE3E5C504980FF3234DC /* FlipperNode.swift */; };
		B86040CE2989C3207E196FD7 /* HowToPlayView.swift in Sources */ = {isa = PBXBuildFile; fileRef = 564AC7984C863F7EEDE20B88 /* HowToPlayView.swift */; };
		BCF658FA1A9534811221C3DB /* MenuView.swift in Sources */ = {isa = PBXBuildFile; fileRef = 9DFDD72E629F74B894E8772A /* MenuView.swift */; };
		BD38463069C2AC4B5AB91620 /* Typography.swift in Sources */ = {isa = PBXBuildFile; fileRef = 01FEA225A18E7956D4004919 /* Typography.swift */; };
		BFF36FA720F5BDAC192F87C5 /* PhysicsCategories.swift in Sources */ = {isa = PBXBuildFile; fileRef = C45E373F8B851D2612EE4F9E /* PhysicsCategories.swift */; };
		C3FF6497B15748C4830629E2 /* HapticsEngine.swift in Sources */ = {isa = PBXBuildFile; fileRef = 507F2531AE40709091686385 /* HapticsEngine.swift */; };
		D01EFD28105D41CD3B409F82 /* TableNodes.swift in Sources */ = {isa = PBXBuildFile; fileRef = A8B1341AC6F8FB46616DF9A6 /* TableNodes.swift */; };
		DA96E69B54EB86E51727CDC6 /* Motion.swift in Sources */ = {isa = PBXBuildFile; fileRef = 39A6815D644027F2AC5B56CB /* Motion.swift */; };
		DB69A596C668F789B696F517 /* Strings.swift in Sources */ = {isa = PBXBuildFile; fileRef = 4ABEB751C34E881E7D7937E2 /* Strings.swift */; };
		EA2140DEA775AB73100044C4 /* MissionEngine.swift in Sources */ = {isa = PBXBuildFile; fileRef = D1FE4B227DAA2D1D62B18D86 /* MissionEngine.swift */; };
		EB86A1698399A27CEBC341F3 /* MenuView.swift in Sources */ = {isa = PBXBuildFile; fileRef = 9DFDD72E629F74B894E8772A /* MenuView.swift */; };
		F102CADED8A51B3615A50ABE /* GameSessionTests.swift in Sources */ = {isa = PBXBuildFile; fileRef = 91A9B8A1A909DFFFDB2D5B20 /* GameSessionTests.swift */; };
		F75EE3E364DD6387E633D106 /* AppSettings.swift in Sources */ = {isa = PBXBuildFile; fileRef = 05C4C9E99A64BFFB53FB744A /* AppSettings.swift */; };
		FA68E7E5E207472E5DC847C5 /* TableBuilder.swift in Sources */ = {isa = PBXBuildFile; fileRef = E19E6F25622AA4C1D29AFE03 /* TableBuilder.swift */; };
		FAD4ED59F9D554998C297E63 /* GameModels.swift in Sources */ = {isa = PBXBuildFile; fileRef = 6A4981EA910AA0B555382AA8 /* GameModels.swift */; };
		FC04FC1D29B7E97F9E326310 /* Strings.swift in Sources */ = {isa = PBXBuildFile; fileRef = 4ABEB751C34E881E7D7937E2 /* Strings.swift */; };
/* End PBXBuildFile section */

/* Begin PBXContainerItemProxy section */
		671ACD756DCD9EA0A14AFB5B /* PBXContainerItemProxy */ = {
			isa = PBXContainerItemProxy;
			containerPortal = AF3414AD4D17245C65DFFFDA /* Project object */;
			proxyType = 1;
			remoteGlobalIDString = 056B659447FC7D6CFFCC2C18;
			remoteInfo = "iPinball-macOS";
		};
/* End PBXContainerItemProxy section */

/* Begin PBXFileReference section */
		010D0534C04133C4C479235B /* PauseOverlay.swift */ = {isa = PBXFileReference; lastKnownFileType = sourcecode.swift; path = PauseOverlay.swift; sourceTree = "<group>"; };
		01FEA225A18E7956D4004919 /* Typography.swift */ = {isa = PBXFileReference; lastKnownFileType = sourcecode.swift; path = Typography.swift; sourceTree = "<group>"; };
		05C4C9E99A64BFFB53FB744A /* AppSettings.swift */ = {isa = PBXFileReference; lastKnownFileType = sourcecode.swift; path = AppSettings.swift; sourceTree = "<group>"; };
		098CD933F651CA93ABC166F9 /* iPinballApp.swift */ = {isa = PBXFileReference; lastKnownFileType = sourcecode.swift; path = iPinballApp.swift; sourceTree = "<group>"; };
		0AB2195DA816D55A54D64676 /* HighScoresView.swift */ = {isa = PBXFileReference; lastKnownFileType = sourcecode.swift; path = HighScoresView.swift; sourceTree = "<group>"; };
		20BC782FEBEFF5CF2C35CA60 /* ScoreEngineTests.swift */ = {isa = PBXFileReference; lastKnownFileType = sourcecode.swift; path = ScoreEngineTests.swift; sourceTree = "<group>"; };
		27DF96F89FCDA77CC09F0F16 /* MissionEngineTests.swift */ = {isa = PBXFileReference; lastKnownFileType = sourcecode.swift; path = MissionEngineTests.swift; sourceTree = "<group>"; };
		2B9F56C5033E6F787BE489DE /* PhysicsTuning.swift */ = {isa = PBXFileReference; lastKnownFileType = sourcecode.swift; path = PhysicsTuning.swift; sourceTree = "<group>"; };
		2FBE666F00D9C19617554F97 /* BallNode.swift */ = {isa = PBXFileReference; lastKnownFileType = sourcecode.swift; path = BallNode.swift; sourceTree = "<group>"; };
		39A6815D644027F2AC5B56CB /* Motion.swift */ = {isa = PBXFileReference; lastKnownFileType = sourcecode.swift; path = Motion.swift; sourceTree = "<group>"; };
		3E2500FD7082B5D8B291E023 /* Platform.swift */ = {isa = PBXFileReference; lastKnownFileType = sourcecode.swift; path = Platform.swift; sourceTree = "<group>"; };
		46E1C19328D6084B59D7A558 /* PanelChrome.swift */ = {isa = PBXFileReference; lastKnownFileType = sourcecode.swift; path = PanelChrome.swift; sourceTree = "<group>"; };
		4ABEB751C34E881E7D7937E2 /* Strings.swift */ = {isa = PBXFileReference; lastKnownFileType = sourcecode.swift; path = Strings.swift; sourceTree = "<group>"; };
		507F2531AE40709091686385 /* HapticsEngine.swift */ = {isa = PBXFileReference; lastKnownFileType = sourcecode.swift; path = HapticsEngine.swift; sourceTree = "<group>"; };
		520ADDCBCF212316C14B7228 /* AboutView.swift */ = {isa = PBXFileReference; lastKnownFileType = sourcecode.swift; path = AboutView.swift; sourceTree = "<group>"; };
		55B3F0B942C4A1C02ABDB531 /* Components.swift */ = {isa = PBXFileReference; lastKnownFileType = sourcecode.swift; path = Components.swift; sourceTree = "<group>"; };
		564AC7984C863F7EEDE20B88 /* HowToPlayView.swift */ = {isa = PBXFileReference; lastKnownFileType = sourcecode.swift; path = HowToPlayView.swift; sourceTree = "<group>"; };
		5877EDC0E62B4CC58128A0C6 /* Palette.swift */ = {isa = PBXFileReference; lastKnownFileType = sourcecode.swift; path = Palette.swift; sourceTree = "<group>"; };
		5F038E700FB22FB13A063F1B /* PinballScene+Effects.swift */ = {isa = PBXFileReference; lastKnownFileType = sourcecode.swift; path = "PinballScene+Effects.swift"; sourceTree = "<group>"; };
		606A9C0583D5F1D38B24FDB8 /* ScoreEngine.swift */ = {isa = PBXFileReference; lastKnownFileType = sourcecode.swift; path = ScoreEngine.swift; sourceTree = "<group>"; };
		654009995CEE960A5CD0952D /* PinballScene+Contacts.swift */ = {isa = PBXFileReference; lastKnownFileType = sourcecode.swift; path = "PinballScene+Contacts.swift"; sourceTree = "<group>"; };
		66428BA56B6043D7BAF2982C /* Persistence.swift */ = {isa = PBXFileReference; lastKnownFileType = sourcecode.swift; path = Persistence.swift; sourceTree = "<group>"; };
		6A4981EA910AA0B555382AA8 /* GameModels.swift */ = {isa = PBXFileReference; lastKnownFileType = sourcecode.swift; path = GameModels.swift; sourceTree = "<group>"; };
		76A978F94A17EFB834D2D689 /* SettingsView.swift */ = {isa = PBXFileReference; lastKnownFileType = sourcecode.swift; path = SettingsView.swift; sourceTree = "<group>"; };
		77F0E4F6E7E0F99C1CCB8B57 /* Assets.xcassets */ = {isa = PBXFileReference; lastKnownFileType = folder.assetcatalog; path = Assets.xcassets; sourceTree = "<group>"; };
		8AED35E33711AB659FE914FA /* GameModel.swift */ = {isa = PBXFileReference; lastKnownFileType = sourcecode.swift; path = GameModel.swift; sourceTree = "<group>"; };
		8FC28BB1A0ACAA7FD6B16C59 /* TableLayoutTests.swift */ = {isa = PBXFileReference; lastKnownFileType = sourcecode.swift; path = TableLayoutTests.swift; sourceTree = "<group>"; };
		91A9B8A1A909DFFFDB2D5B20 /* GameSessionTests.swift */ = {isa = PBXFileReference; lastKnownFileType = sourcecode.swift; path = GameSessionTests.swift; sourceTree = "<group>"; };
		926857206F4DD197BA886BA5 /* PinballScene.swift */ = {isa = PBXFileReference; lastKnownFileType = sourcecode.swift; path = PinballScene.swift; sourceTree = "<group>"; };
		996BBDC9C0A75A9094F07BDC /* GameSession.swift */ = {isa = PBXFileReference; lastKnownFileType = sourcecode.swift; path = GameSession.swift; sourceTree = "<group>"; };
		9D2CCF5BC0965B69F5007890 /* TableGeometry.swift */ = {isa = PBXFileReference; lastKnownFileType = sourcecode.swift; path = TableGeometry.swift; sourceTree = "<group>"; };
		9DFDD72E629F74B894E8772A /* MenuView.swift */ = {isa = PBXFileReference; lastKnownFileType = sourcecode.swift; path = MenuView.swift; sourceTree = "<group>"; };
		A482148C55FA0EA990299406 /* GameOverFlowTests.swift */ = {isa = PBXFileReference; lastKnownFileType = sourcecode.swift; path = GameOverFlowTests.swift; sourceTree = "<group>"; };
		A567AE3E5C504980FF3234DC /* FlipperNode.swift */ = {isa = PBXFileReference; lastKnownFileType = sourcecode.swift; path = FlipperNode.swift; sourceTree = "<group>"; };
		A56A52725CE82D601B695653 /* AudioEngine.swift */ = {isa = PBXFileReference; lastKnownFileType = sourcecode.swift; path = AudioEngine.swift; sourceTree = "<group>"; };
		A8B1341AC6F8FB46616DF9A6 /* TableNodes.swift */ = {isa = PBXFileReference; lastKnownFileType = sourcecode.swift; path = TableNodes.swift; sourceTree = "<group>"; };
		ACDB01E4E6CDEA32A948A571 /* iPinball-macOS.app */ = {isa = PBXFileReference; explicitFileType = wrapper.application; includeInIndex = 0; path = "iPinball-macOS.app"; sourceTree = BUILT_PRODUCTS_DIR; };
		B63F03B7A35FD79EB20DECC4 /* iPinball-iOS.app */ = {isa = PBXFileReference; includeInIndex = 0; lastKnownFileType = wrapper.application; path = "iPinball-iOS.app"; sourceTree = BUILT_PRODUCTS_DIR; };
		C1173313662A46E3DFA6265E /* GameView.swift */ = {isa = PBXFileReference; lastKnownFileType = sourcecode.swift; path = GameView.swift; sourceTree = "<group>"; };
		C45E373F8B851D2612EE4F9E /* PhysicsCategories.swift */ = {isa = PBXFileReference; lastKnownFileType = sourcecode.swift; path = PhysicsCategories.swift; sourceTree = "<group>"; };
		C7476573811E0AC45ADF8323 /* SplashView.swift */ = {isa = PBXFileReference; lastKnownFileType = sourcecode.swift; path = SplashView.swift; sourceTree = "<group>"; };
		C8DE279BC02023447E8DF5DC /* iPinballTests.xctest */ = {isa = PBXFileReference; explicitFileType = wrapper.cfbundle; includeInIndex = 0; path = iPinballTests.xctest; sourceTree = BUILT_PRODUCTS_DIR; };
		C9AC02DAA1FE1BEBBC2AE98A /* TextureFactory.swift */ = {isa = PBXFileReference; lastKnownFileType = sourcecode.swift; path = TextureFactory.swift; sourceTree = "<group>"; };
		CF649C12B5EF17311EDA49BD /* GameOverView.swift */ = {isa = PBXFileReference; lastKnownFileType = sourcecode.swift; path = GameOverView.swift; sourceTree = "<group>"; };
		D1FE4B227DAA2D1D62B18D86 /* MissionEngine.swift */ = {isa = PBXFileReference; lastKnownFileType = sourcecode.swift; path = MissionEngine.swift; sourceTree = "<group>"; };
		E19E6F25622AA4C1D29AFE03 /* TableBuilder.swift */ = {isa = PBXFileReference; lastKnownFileType = sourcecode.swift; path = TableBuilder.swift; sourceTree = "<group>"; };
		E210EC35F6D144C4C4D38715 /* GameControls.swift */ = {isa = PBXFileReference; lastKnownFileType = sourcecode.swift; path = GameControls.swift; sourceTree = "<group>"; };
		ED3CC7E0D6C8C81CBBA6C3C8 /* Links.swift */ = {isa = PBXFileReference; lastKnownFileType = sourcecode.swift; path = Links.swift; sourceTree = "<group>"; };
		F3396483B01C8E995BB05D6C /* TableLayout.swift */ = {isa = PBXFileReference; lastKnownFileType = sourcecode.swift; path = TableLayout.swift; sourceTree = "<group>"; };
		F6C310062A34F49EAFACFD7D /* HUDView.swift */ = {isa = PBXFileReference; lastKnownFileType = sourcecode.swift; path = HUDView.swift; sourceTree = "<group>"; };
/* End PBXFileReference section */

/* Begin PBXGroup section */
		006464D1F03C93089786943D /* Tests */ = {
			isa = PBXGroup;
			children = (
				A482148C55FA0EA990299406 /* GameOverFlowTests.swift */,
				91A9B8A1A909DFFFDB2D5B20 /* GameSessionTests.swift */,
				27DF96F89FCDA77CC09F0F16 /* MissionEngineTests.swift */,
				20BC782FEBEFF5CF2C35CA60 /* ScoreEngineTests.swift */,
				8FC28BB1A0ACAA7FD6B16C59 /* TableLayoutTests.swift */,
			);
			path = Tests;
			sourceTree = "<group>";
		};
		19A72EBC69763D1E152B4E35 /* Localization */ = {
			isa = PBXGroup;
			children = (
				4ABEB751C34E881E7D7937E2 /* Strings.swift */,
			);
			path = Localization;
			sourceTree = "<group>";
		};
		2F5C1749C86A9228BDC7FC84 /* Sources */ = {
			isa = PBXGroup;
			children = (
				82AF95BA1F6E15BA0B0B4FAC /* App */,
				6DD379038821F46714C3D637 /* Core */,
				D5B9EBFDD7A63C8B5CE6B754 /* Design */,
				19A72EBC69763D1E152B4E35 /* Localization */,
				DDC128393924DE066EEF9F74 /* Scene */,
				73AECFF46FF6A50419CE348F /* Support */,
				A555A93E4AA03DF0EE2FEA9F /* Views */,
			);
			path = Sources;
			sourceTree = "<group>";
		};
		56D940521CC2AA05935A419E /* Products */ = {
			isa = PBXGroup;
			children = (
				B63F03B7A35FD79EB20DECC4 /* iPinball-iOS.app */,
				ACDB01E4E6CDEA32A948A571 /* iPinball-macOS.app */,
				C8DE279BC02023447E8DF5DC /* iPinballTests.xctest */,
			);
			name = Products;
			sourceTree = "<group>";
		};
		589B6419407337027C4C44C2 = {
			isa = PBXGroup;
			children = (
				9CEF6B55105169D7F60789CA /* Resources */,
				2F5C1749C86A9228BDC7FC84 /* Sources */,
				006464D1F03C93089786943D /* Tests */,
				56D940521CC2AA05935A419E /* Products */,
			);
			sourceTree = "<group>";
		};
		6DD379038821F46714C3D637 /* Core */ = {
			isa = PBXGroup;
			children = (
				996BBDC9C0A75A9094F07BDC /* GameSession.swift */,
				D1FE4B227DAA2D1D62B18D86 /* MissionEngine.swift */,
				66428BA56B6043D7BAF2982C /* Persistence.swift */,
				2B9F56C5033E6F787BE489DE /* PhysicsTuning.swift */,
				606A9C0583D5F1D38B24FDB8 /* ScoreEngine.swift */,
				F3396483B01C8E995BB05D6C /* TableLayout.swift */,
				78D63731710351908912CD80 /* Models */,
			);
			path = Core;
			sourceTree = "<group>";
		};
		73AECFF46FF6A50419CE348F /* Support */ = {
			isa = PBXGroup;
			children = (
				ED3CC7E0D6C8C81CBBA6C3C8 /* Links.swift */,
				3E2500FD7082B5D8B291E023 /* Platform.swift */,
			);
			path = Support;
			sourceTree = "<group>";
		};
		78D63731710351908912CD80 /* Models */ = {
			isa = PBXGroup;
			children = (
				6A4981EA910AA0B555382AA8 /* GameModels.swift */,
			);
			path = Models;
			sourceTree = "<group>";
		};
		82AF95BA1F6E15BA0B0B4FAC /* App */ = {
			isa = PBXGroup;
			children = (
				05C4C9E99A64BFFB53FB744A /* AppSettings.swift */,
				A56A52725CE82D601B695653 /* AudioEngine.swift */,
				8AED35E33711AB659FE914FA /* GameModel.swift */,
				507F2531AE40709091686385 /* HapticsEngine.swift */,
				098CD933F651CA93ABC166F9 /* iPinballApp.swift */,
			);
			path = App;
			sourceTree = "<group>";
		};
		9CEF6B55105169D7F60789CA /* Resources */ = {
			isa = PBXGroup;
			children = (
				77F0E4F6E7E0F99C1CCB8B57 /* Assets.xcassets */,
			);
			path = Resources;
			sourceTree = "<group>";
		};
		A555A93E4AA03DF0EE2FEA9F /* Views */ = {
			isa = PBXGroup;
			children = (
				520ADDCBCF212316C14B7228 /* AboutView.swift */,
				E210EC35F6D144C4C4D38715 /* GameControls.swift */,
				CF649C12B5EF17311EDA49BD /* GameOverView.swift */,
				C1173313662A46E3DFA6265E /* GameView.swift */,
				0AB2195DA816D55A54D64676 /* HighScoresView.swift */,
				564AC7984C863F7EEDE20B88 /* HowToPlayView.swift */,
				F6C310062A34F49EAFACFD7D /* HUDView.swift */,
				9DFDD72E629F74B894E8772A /* MenuView.swift */,
				46E1C19328D6084B59D7A558 /* PanelChrome.swift */,
				010D0534C04133C4C479235B /* PauseOverlay.swift */,
				76A978F94A17EFB834D2D689 /* SettingsView.swift */,
				C7476573811E0AC45ADF8323 /* SplashView.swift */,
			);
			path = Views;
			sourceTree = "<group>";
		};
		D5B9EBFDD7A63C8B5CE6B754 /* Design */ = {
			isa = PBXGroup;
			children = (
				55B3F0B942C4A1C02ABDB531 /* Components.swift */,
				39A6815D644027F2AC5B56CB /* Motion.swift */,
				5877EDC0E62B4CC58128A0C6 /* Palette.swift */,
				01FEA225A18E7956D4004919 /* Typography.swift */,
			);
			path = Design;
			sourceTree = "<group>";
		};
		DDC128393924DE066EEF9F74 /* Scene */ = {
			isa = PBXGroup;
			children = (
				2FBE666F00D9C19617554F97 /* BallNode.swift */,
				A567AE3E5C504980FF3234DC /* FlipperNode.swift */,
				C45E373F8B851D2612EE4F9E /* PhysicsCategories.swift */,
				926857206F4DD197BA886BA5 /* PinballScene.swift */,
				654009995CEE960A5CD0952D /* PinballScene+Contacts.swift */,
				5F038E700FB22FB13A063F1B /* PinballScene+Effects.swift */,
				E19E6F25622AA4C1D29AFE03 /* TableBuilder.swift */,
				9D2CCF5BC0965B69F5007890 /* TableGeometry.swift */,
				A8B1341AC6F8FB46616DF9A6 /* TableNodes.swift */,
				C9AC02DAA1FE1BEBBC2AE98A /* TextureFactory.swift */,
			);
			path = Scene;
			sourceTree = "<group>";
		};
/* End PBXGroup section */

/* Begin PBXNativeTarget section */
		056B659447FC7D6CFFCC2C18 /* iPinball-macOS */ = {
			isa = PBXNativeTarget;
			buildConfigurationList = DB3CAE32B622E5614BD69770 /* Build configuration list for PBXNativeTarget "iPinball-macOS" */;
			buildPhases = (
				3DC3BBE87ABC65F5916FB170 /* Sources */,
				4BCBA34FA188AC3E66F5C1FD /* Resources */,
			);
			buildRules = (
			);
			dependencies = (
			);
			name = "iPinball-macOS";
			packageProductDependencies = (
			);
			productName = "iPinball-macOS";
			productReference = ACDB01E4E6CDEA32A948A571 /* iPinball-macOS.app */;
			productType = "com.apple.product-type.application";
		};
		71B5912CD193ABCCA6CC1A58 /* iPinballTests */ = {
			isa = PBXNativeTarget;
			buildConfigurationList = 908E1DD0BED1EAAD2D366BA3 /* Build configuration list for PBXNativeTarget "iPinballTests" */;
			buildPhases = (
				B79D33A762A84DCB7982EC50 /* Sources */,
			);
			buildRules = (
			);
			dependencies = (
				7CE0114F79CF9F4FBCA98BA4 /* PBXTargetDependency */,
			);
			name = iPinballTests;
			packageProductDependencies = (
			);
			productName = iPinballTests;
			productReference = C8DE279BC02023447E8DF5DC /* iPinballTests.xctest */;
			productType = "com.apple.product-type.bundle.unit-test";
		};
		F1262653A68531866A2F2FA5 /* iPinball-iOS */ = {
			isa = PBXNativeTarget;
			buildConfigurationList = 2C0D3CEFC8A938E9DC265BF2 /* Build configuration list for PBXNativeTarget "iPinball-iOS" */;
			buildPhases = (
				E589DCED59D2D2DB1D150CCF /* Sources */,
				644C6B3E6FD7DD48CAE75B84 /* Resources */,
			);
			buildRules = (
			);
			dependencies = (
			);
			name = "iPinball-iOS";
			packageProductDependencies = (
			);
			productName = "iPinball-iOS";
			productReference = B63F03B7A35FD79EB20DECC4 /* iPinball-iOS.app */;
			productType = "com.apple.product-type.application";
		};
/* End PBXNativeTarget section */

/* Begin PBXProject section */
		AF3414AD4D17245C65DFFFDA /* Project object */ = {
			isa = PBXProject;
			attributes = {
				BuildIndependentTargetsInParallel = YES;
				LastUpgradeCheck = 1430;
				TargetAttributes = {
				};
			};
			buildConfigurationList = 369B1B5E6A68AFB9CE942FCA /* Build configuration list for PBXProject "iPinball" */;
			developmentRegion = en;
			hasScannedForEncodings = 0;
			knownRegions = (
				Base,
				en,
			);
			mainGroup = 589B6419407337027C4C44C2;
			minimizedProjectReferenceProxies = 1;
			preferredProjectObjectVersion = 77;
			productRefGroup = 56D940521CC2AA05935A419E /* Products */;
			projectDirPath = "";
			projectRoot = "";
			targets = (
				F1262653A68531866A2F2FA5 /* iPinball-iOS */,
				056B659447FC7D6CFFCC2C18 /* iPinball-macOS */,
				71B5912CD193ABCCA6CC1A58 /* iPinballTests */,
			);
		};
/* End PBXProject section */

/* Begin PBXResourcesBuildPhase section */
		4BCBA34FA188AC3E66F5C1FD /* Resources */ = {
			isa = PBXResourcesBuildPhase;
			buildActionMask = 2147483647;
			files = (
				29BF3D7CFF801BC18E5D2A2A /* Assets.xcassets in Resources */,
			);
			runOnlyForDeploymentPostprocessing = 0;
		};
		644C6B3E6FD7DD48CAE75B84 /* Resources */ = {
			isa = PBXResourcesBuildPhase;
			buildActionMask = 2147483647;
			files = (
				02146A4F6FC45A2250E5EFA0 /* Assets.xcassets in Resources */,
			);
			runOnlyForDeploymentPostprocessing = 0;
		};
/* End PBXResourcesBuildPhase section */

/* Begin PBXSourcesBuildPhase section */
		3DC3BBE87ABC65F5916FB170 /* Sources */ = {
			isa = PBXSourcesBuildPhase;
			buildActionMask = 2147483647;
			files = (
				424FFD6B9563A5FB47E586FF /* AboutView.swift in Sources */,
				F75EE3E364DD6387E633D106 /* AppSettings.swift in Sources */,
				618CF60DACF93A86AD653308 /* AudioEngine.swift in Sources */,
				A53A8D51AB0728546EFB276C /* BallNode.swift in Sources */,
				9067CC046A9BDE5BBC4F4322 /* Components.swift in Sources */,
				B599556E26D84C93A9099FAD /* FlipperNode.swift in Sources */,
				461E26A8D9A579ACDC58E5C2 /* GameControls.swift in Sources */,
				32B22379D360098772DDAC0A /* GameModel.swift in Sources */,
				FAD4ED59F9D554998C297E63 /* GameModels.swift in Sources */,
				4FE8895BCE9288F25AD7D3ED /* GameOverView.swift in Sources */,
				5F920EFD0EBFEC971557FB1E /* GameSession.swift in Sources */,
				7F88711C64A46B8482884DAD /* GameView.swift in Sources */,
				2CD7B3BC6DE020D00425ACFA /* HUDView.swift in Sources */,
				2E8D2F79823960B215B589C0 /* HapticsEngine.swift in Sources */,
				5509E31DC45E330A624DC673 /* HighScoresView.swift in Sources */,
				B86040CE2989C3207E196FD7 /* HowToPlayView.swift in Sources */,
				59FD451D3D4648DB73BF1B15 /* Links.swift in Sources */,
				BCF658FA1A9534811221C3DB /* MenuView.swift in Sources */,
				EA2140DEA775AB73100044C4 /* MissionEngine.swift in Sources */,
				A90EFC2FE5ADFED87F1017D4 /* Motion.swift in Sources */,
				1C83D9835B00529286F0F256 /* Palette.swift in Sources */,
				A88CB6F045BF1D4AB0980828 /* PanelChrome.swift in Sources */,
				A7DDACB80C8653D9AF9970CA /* PauseOverlay.swift in Sources */,
				1E82CA820A466E2CBDC14BEF /* Persistence.swift in Sources */,
				76DAF8DAA4203FC2998CE717 /* PhysicsCategories.swift in Sources */,
				96D3607369D5F2536584619C /* PhysicsTuning.swift in Sources */,
				A703A217DE6F33A2E4E126AA /* PinballScene+Contacts.swift in Sources */,
				886C4AD13CACA60C44067351 /* PinballScene+Effects.swift in Sources */,
				1BC07B62057C0C0310FF3F6D /* PinballScene.swift in Sources */,
				081AEDB0B730B6DE885E4107 /* Platform.swift in Sources */,
				0B24232CAC104BF68779A40D /* ScoreEngine.swift in Sources */,
				A9A74CA516A27F664EDFA427 /* SettingsView.swift in Sources */,
				5FD79BE742342A99566C13E9 /* SplashView.swift in Sources */,
				DB69A596C668F789B696F517 /* Strings.swift in Sources */,
				FA68E7E5E207472E5DC847C5 /* TableBuilder.swift in Sources */,
				0B21D1FA3DA0D65B76E46306 /* TableGeometry.swift in Sources */,
				631CDB2870607DDC107DC7D8 /* TableLayout.swift in Sources */,
				7C5EB355B2B353D541B51C9C /* TableNodes.swift in Sources */,
				7D0DC140C0571CA350B29CB3 /* TextureFactory.swift in Sources */,
				BD38463069C2AC4B5AB91620 /* Typography.swift in Sources */,
				A7247FE65B8C6BD149E8B5D1 /* iPinballApp.swift in Sources */,
			);
			runOnlyForDeploymentPostprocessing = 0;
		};
		B79D33A762A84DCB7982EC50 /* Sources */ = {
			isa = PBXSourcesBuildPhase;
			buildActionMask = 2147483647;
			files = (
				3F8CE9654C22BAB6DBBA3B36 /* GameOverFlowTests.swift in Sources */,
				F102CADED8A51B3615A50ABE /* GameSessionTests.swift in Sources */,
				8FB841F059FA9B1E69D2BC6B /* MissionEngineTests.swift in Sources */,
				1BCBD9F0126645DB719A6606 /* ScoreEngineTests.swift in Sources */,
				2D0E73BF674D075E930ECE68 /* TableLayoutTests.swift in Sources */,
			);
			runOnlyForDeploymentPostprocessing = 0;
		};
		E589DCED59D2D2DB1D150CCF /* Sources */ = {
			isa = PBXSourcesBuildPhase;
			buildActionMask = 2147483647;
			files = (
				1C74045874877DE36C4D5363 /* AboutView.swift in Sources */,
				2F182639C869E44FD3F2EACA /* AppSettings.swift in Sources */,
				99EF02B59675F7243FFE9853 /* AudioEngine.swift in Sources */,
				7E5EEED56612FB971110D42C /* BallNode.swift in Sources */,
				B54D5D71BCB5CBA9CB6A9963 /* Components.swift in Sources */,
				3F66276E0F517D17D1C9442D /* FlipperNode.swift in Sources */,
				7CD5404F86736650736D9F44 /* GameControls.swift in Sources */,
				49625E80198BF4C9C50D8C40 /* GameModel.swift in Sources */,
				12CF3362EE15E3214DA61E0F /* GameModels.swift in Sources */,
				8661354A23666CD7EEB29D2D /* GameOverView.swift in Sources */,
				630D3E65776B2D07859F4DD4 /* GameSession.swift in Sources */,
				32DFB8D3E8E07CF5D81DA8D1 /* GameView.swift in Sources */,
				6DE24D82C9F94CF32C32CD8F /* HUDView.swift in Sources */,
				C3FF6497B15748C4830629E2 /* HapticsEngine.swift in Sources */,
				44E74D6CD683750E6BAE01CC /* HighScoresView.swift in Sources */,
				1BD24E429E6596EBC702D894 /* HowToPlayView.swift in Sources */,
				A8E92B5D711FEBCC563E5303 /* Links.swift in Sources */,
				EB86A1698399A27CEBC341F3 /* MenuView.swift in Sources */,
				3CE2E25D8C61CD3DC75D3A51 /* MissionEngine.swift in Sources */,
				DA96E69B54EB86E51727CDC6 /* Motion.swift in Sources */,
				42DE7C5FFCE3D110CCE0B27E /* Palette.swift in Sources */,
				957D57A606BF825C54F0DE6D /* PanelChrome.swift in Sources */,
				531116F986E751C17661A00C /* PauseOverlay.swift in Sources */,
				0146B85F259750CD4089A2F6 /* Persistence.swift in Sources */,
				BFF36FA720F5BDAC192F87C5 /* PhysicsCategories.swift in Sources */,
				25D52DB7D3078D956F86CCD4 /* PhysicsTuning.swift in Sources */,
				4735637E40668E08BB0ACA49 /* PinballScene+Contacts.swift in Sources */,
				2802FDA85E6F1F005127591E /* PinballScene+Effects.swift in Sources */,
				11DFEA72811F584DDA115814 /* PinballScene.swift in Sources */,
				1FC419E349093012B33EF479 /* Platform.swift in Sources */,
				2BE620EBB58AE12749B075D3 /* ScoreEngine.swift in Sources */,
				27BA02A33F7D2EA5354F80AE /* SettingsView.swift in Sources */,
				98572EFBD0C9E6781BAE1930 /* SplashView.swift in Sources */,
				FC04FC1D29B7E97F9E326310 /* Strings.swift in Sources */,
				02C68F410ED5437731CEBC31 /* TableBuilder.swift in Sources */,
				A22C9009B1AAA0E0126C4E1C /* TableGeometry.swift in Sources */,
				58E420F4EB5F899E2DB1AE40 /* TableLayout.swift in Sources */,
				D01EFD28105D41CD3B409F82 /* TableNodes.swift in Sources */,
				0C8ADDEEA92E5A16CA91A072 /* TextureFactory.swift in Sources */,
				AE31931FCCE378C5FD8B7327 /* Typography.swift in Sources */,
				97CBB3BE208AB93EBFA5531D /* iPinballApp.swift in Sources */,
			);
			runOnlyForDeploymentPostprocessing = 0;
		};
/* End PBXSourcesBuildPhase section */

/* Begin PBXTargetDependency section */
		7CE0114F79CF9F4FBCA98BA4 /* PBXTargetDependency */ = {
			isa = PBXTargetDependency;
			target = 056B659447FC7D6CFFCC2C18 /* iPinball-macOS */;
			targetProxy = 671ACD756DCD9EA0A14AFB5B /* PBXContainerItemProxy */;
		};
/* End PBXTargetDependency section */

/* Begin XCBuildConfiguration section */
		0E7553108546ABEA80C6D77C /* Release */ = {
			isa = XCBuildConfiguration;
			buildSettings = {
				ALWAYS_SEARCH_USER_PATHS = NO;
				ASSETCATALOG_COMPILER_APPICON_NAME = AppIcon;
				ASSETCATALOG_COMPILER_GLOBAL_ACCENT_COLOR_NAME = AccentColor;
				CLANG_ANALYZER_NONNULL = YES;
				CLANG_ANALYZER_NUMBER_OBJECT_CONVERSION = YES_AGGRESSIVE;
				CLANG_CXX_LANGUAGE_STANDARD = "gnu++14";
				CLANG_CXX_LIBRARY = "libc++";
				CLANG_ENABLE_MODULES = YES;
				CLANG_ENABLE_OBJC_ARC = YES;
				CLANG_ENABLE_OBJC_WEAK = YES;
				CLANG_WARN_BLOCK_CAPTURE_AUTORELEASING = YES;
				CLANG_WARN_BOOL_CONVERSION = YES;
				CLANG_WARN_COMMA = YES;
				CLANG_WARN_CONSTANT_CONVERSION = YES;
				CLANG_WARN_DEPRECATED_OBJC_IMPLEMENTATIONS = YES;
				CLANG_WARN_DIRECT_OBJC_ISA_USAGE = YES_ERROR;
				CLANG_WARN_DOCUMENTATION_COMMENTS = YES;
				CLANG_WARN_EMPTY_BODY = YES;
				CLANG_WARN_ENUM_CONVERSION = YES;
				CLANG_WARN_INFINITE_RECURSION = YES;
				CLANG_WARN_INT_CONVERSION = YES;
				CLANG_WARN_NON_LITERAL_NULL_CONVERSION = YES;
				CLANG_WARN_OBJC_IMPLICIT_RETAIN_SELF = YES;
				CLANG_WARN_OBJC_LITERAL_CONVERSION = YES;
				CLANG_WARN_OBJC_ROOT_CLASS = YES_ERROR;
				CLANG_WARN_QUOTED_INCLUDE_IN_FRAMEWORK_HEADER = YES;
				CLANG_WARN_RANGE_LOOP_ANALYSIS = YES;
				CLANG_WARN_STRICT_PROTOTYPES = YES;
				CLANG_WARN_SUSPICIOUS_MOVE = YES;
				CLANG_WARN_UNGUARDED_AVAILABILITY = YES_AGGRESSIVE;
				CLANG_WARN_UNREACHABLE_CODE = YES;
				CLANG_WARN__DUPLICATE_METHOD_MATCH = YES;
				COPY_PHASE_STRIP = NO;
				CURRENT_PROJECT_VERSION = 1;
				DEBUG_INFORMATION_FORMAT = "dwarf-with-dsym";
				ENABLE_NS_ASSERTIONS = NO;
				ENABLE_STRICT_OBJC_MSGSEND = YES;
				GCC_C_LANGUAGE_STANDARD = gnu11;
				GCC_NO_COMMON_BLOCKS = YES;
				GCC_WARN_64_TO_32_BIT_CONVERSION = YES;
				GCC_WARN_ABOUT_RETURN_TYPE = YES_ERROR;
				GCC_WARN_UNDECLARED_SELECTOR = YES;
				GCC_WARN_UNINITIALIZED_AUTOS = YES_AGGRESSIVE;
				GCC_WARN_UNUSED_FUNCTION = YES;
				GCC_WARN_UNUSED_VARIABLE = YES;
				IPHONEOS_DEPLOYMENT_TARGET = 17.0;
				MACOSX_DEPLOYMENT_TARGET = 14.0;
				MARKETING_VERSION = 1.0.0;
				MTL_ENABLE_DEBUG_INFO = NO;
				MTL_FAST_MATH = YES;
				PRODUCT_NAME = "$(TARGET_NAME)";
				SWIFT_COMPILATION_MODE = wholemodule;
				SWIFT_OPTIMIZATION_LEVEL = "-O";
				SWIFT_VERSION = 5.0;
			};
			name = Release;
		};
		27C9C557359FDE454D0F79FE /* Debug */ = {
			isa = XCBuildConfiguration;
			buildSettings = {
				ALWAYS_SEARCH_USER_PATHS = NO;
				ASSETCATALOG_COMPILER_APPICON_NAME = AppIcon;
				ASSETCATALOG_COMPILER_GLOBAL_ACCENT_COLOR_NAME = AccentColor;
				CLANG_ANALYZER_NONNULL = YES;
				CLANG_ANALYZER_NUMBER_OBJECT_CONVERSION = YES_AGGRESSIVE;
				CLANG_CXX_LANGUAGE_STANDARD = "gnu++14";
				CLANG_CXX_LIBRARY = "libc++";
				CLANG_ENABLE_MODULES = YES;
				CLANG_ENABLE_OBJC_ARC = YES;
				CLANG_ENABLE_OBJC_WEAK = YES;
				CLANG_WARN_BLOCK_CAPTURE_AUTORELEASING = YES;
				CLANG_WARN_BOOL_CONVERSION = YES;
				CLANG_WARN_COMMA = YES;
				CLANG_WARN_CONSTANT_CONVERSION = YES;
				CLANG_WARN_DEPRECATED_OBJC_IMPLEMENTATIONS = YES;
				CLANG_WARN_DIRECT_OBJC_ISA_USAGE = YES_ERROR;
				CLANG_WARN_DOCUMENTATION_COMMENTS = YES;
				CLANG_WARN_EMPTY_BODY = YES;
				CLANG_WARN_ENUM_CONVERSION = YES;
				CLANG_WARN_INFINITE_RECURSION = YES;
				CLANG_WARN_INT_CONVERSION = YES;
				CLANG_WARN_NON_LITERAL_NULL_CONVERSION = YES;
				CLANG_WARN_OBJC_IMPLICIT_RETAIN_SELF = YES;
				CLANG_WARN_OBJC_LITERAL_CONVERSION = YES;
				CLANG_WARN_OBJC_ROOT_CLASS = YES_ERROR;
				CLANG_WARN_QUOTED_INCLUDE_IN_FRAMEWORK_HEADER = YES;
				CLANG_WARN_RANGE_LOOP_ANALYSIS = YES;
				CLANG_WARN_STRICT_PROTOTYPES = YES;
				CLANG_WARN_SUSPICIOUS_MOVE = YES;
				CLANG_WARN_UNGUARDED_AVAILABILITY = YES_AGGRESSIVE;
				CLANG_WARN_UNREACHABLE_CODE = YES;
				CLANG_WARN__DUPLICATE_METHOD_MATCH = YES;
				COPY_PHASE_STRIP = NO;
				CURRENT_PROJECT_VERSION = 1;
				DEBUG_INFORMATION_FORMAT = dwarf;
				ENABLE_STRICT_OBJC_MSGSEND = YES;
				ENABLE_TESTABILITY = YES;
				GCC_C_LANGUAGE_STANDARD = gnu11;
				GCC_DYNAMIC_NO_PIC = NO;
				GCC_NO_COMMON_BLOCKS = YES;
				GCC_OPTIMIZATION_LEVEL = 0;
				GCC_PREPROCESSOR_DEFINITIONS = (
					"$(inherited)",
					"DEBUG=1",
				);
				GCC_WARN_64_TO_32_BIT_CONVERSION = YES;
				GCC_WARN_ABOUT_RETURN_TYPE = YES_ERROR;
				GCC_WARN_UNDECLARED_SELECTOR = YES;
				GCC_WARN_UNINITIALIZED_AUTOS = YES_AGGRESSIVE;
				GCC_WARN_UNUSED_FUNCTION = YES;
				GCC_WARN_UNUSED_VARIABLE = YES;
				IPHONEOS_DEPLOYMENT_TARGET = 17.0;
				MACOSX_DEPLOYMENT_TARGET = 14.0;
				MARKETING_VERSION = 1.0.0;
				MTL_ENABLE_DEBUG_INFO = INCLUDE_SOURCE;
				MTL_FAST_MATH = YES;
				ONLY_ACTIVE_ARCH = YES;
				PRODUCT_NAME = "$(TARGET_NAME)";
				SWIFT_ACTIVE_COMPILATION_CONDITIONS = DEBUG;
				SWIFT_OPTIMIZATION_LEVEL = "-Onone";
				SWIFT_VERSION = 5.0;
			};
			name = Debug;
		};
		5A0630E2FEBCAABDEE822D6E /* Release */ = {
			isa = XCBuildConfiguration;
			buildSettings = {
				ASSETCATALOG_COMPILER_APPICON_NAME = AppIcon;
				COMBINE_HIDPI_IMAGES = YES;
				ENABLE_HARDENED_RUNTIME = YES;
				INFOPLIST_FILE = "Config/Info-macOS.plist";
				LD_RUNPATH_SEARCH_PATHS = (
					"$(inherited)",
					"@executable_path/../Frameworks",
				);
				PRODUCT_BUNDLE_IDENTIFIER = dev.ividi.ipinball;
				PRODUCT_NAME = iPinball;
				SDKROOT = macosx;
			};
			name = Release;
		};
		7356D66323EC863ED4CB9DCD /* Debug */ = {
			isa = XCBuildConfiguration;
			buildSettings = {
				BUNDLE_LOADER = "$(TEST_HOST)";
				COMBINE_HIDPI_IMAGES = YES;
				GENERATE_INFOPLIST_FILE = YES;
				LD_RUNPATH_SEARCH_PATHS = (
					"$(inherited)",
					"@executable_path/../Frameworks",
					"@loader_path/../Frameworks",
				);
				PRODUCT_BUNDLE_IDENTIFIER = dev.ividi.ipinball.tests;
				SDKROOT = macosx;
				TEST_HOST = "$(BUILT_PRODUCTS_DIR)/iPinball.app/Contents/MacOS/iPinball";
			};
			name = Debug;
		};
		8D7C56AC3D48D03666FD2E66 /* Release */ = {
			isa = XCBuildConfiguration;
			buildSettings = {
				ASSETCATALOG_COMPILER_APPICON_NAME = AppIcon;
				CODE_SIGN_IDENTITY = "iPhone Developer";
				INFOPLIST_FILE = "Config/Info-iOS.plist";
				LD_RUNPATH_SEARCH_PATHS = (
					"$(inherited)",
					"@executable_path/Frameworks",
				);
				PRODUCT_BUNDLE_IDENTIFIER = dev.ividi.ipinball;
				PRODUCT_NAME = iPinball;
				SDKROOT = iphoneos;
				SUPPORTS_MACCATALYST = NO;
				TARGETED_DEVICE_FAMILY = "1,2";
			};
			name = Release;
		};
		9AF668DFEBEBA521A792CE95 /* Debug */ = {
			isa = XCBuildConfiguration;
			buildSettings = {
				ASSETCATALOG_COMPILER_APPICON_NAME = AppIcon;
				CODE_SIGN_IDENTITY = "iPhone Developer";
				INFOPLIST_FILE = "Config/Info-iOS.plist";
				LD_RUNPATH_SEARCH_PATHS = (
					"$(inherited)",
					"@executable_path/Frameworks",
				);
				PRODUCT_BUNDLE_IDENTIFIER = dev.ividi.ipinball;
				PRODUCT_NAME = iPinball;
				SDKROOT = iphoneos;
				SUPPORTS_MACCATALYST = NO;
				TARGETED_DEVICE_FAMILY = "1,2";
			};
			name = Debug;
		};
		D2301198BC9176F48960D2F7 /* Release */ = {
			isa = XCBuildConfiguration;
			buildSettings = {
				BUNDLE_LOADER = "$(TEST_HOST)";
				COMBINE_HIDPI_IMAGES = YES;
				GENERATE_INFOPLIST_FILE = YES;
				LD_RUNPATH_SEARCH_PATHS = (
					"$(inherited)",
					"@executable_path/../Frameworks",
					"@loader_path/../Frameworks",
				);
				PRODUCT_BUNDLE_IDENTIFIER = dev.ividi.ipinball.tests;
				SDKROOT = macosx;
				TEST_HOST = "$(BUILT_PRODUCTS_DIR)/iPinball.app/Contents/MacOS/iPinball";
			};
			name = Release;
		};
		D57CE005949228B776D75ECC /* Debug */ = {
			isa = XCBuildConfiguration;
			buildSettings = {
				ASSETCATALOG_COMPILER_APPICON_NAME = AppIcon;
				COMBINE_HIDPI_IMAGES = YES;
				ENABLE_HARDENED_RUNTIME = YES;
				INFOPLIST_FILE = "Config/Info-macOS.plist";
				LD_RUNPATH_SEARCH_PATHS = (
					"$(inherited)",
					"@executable_path/../Frameworks",
				);
				PRODUCT_BUNDLE_IDENTIFIER = dev.ividi.ipinball;
				PRODUCT_NAME = iPinball;
				SDKROOT = macosx;
			};
			name = Debug;
		};
/* End XCBuildConfiguration section */

/* Begin XCConfigurationList section */
		2C0D3CEFC8A938E9DC265BF2 /* Build configuration list for PBXNativeTarget "iPinball-iOS" */ = {
			isa = XCConfigurationList;
			buildConfigurations = (
				9AF668DFEBEBA521A792CE95 /* Debug */,
				8D7C56AC3D48D03666FD2E66 /* Release */,
			);
			defaultConfigurationIsVisible = 0;
			defaultConfigurationName = Debug;
		};
		369B1B5E6A68AFB9CE942FCA /* Build configuration list for PBXProject "iPinball" */ = {
			isa = XCConfigurationList;
			buildConfigurations = (
				27C9C557359FDE454D0F79FE /* Debug */,
				0E7553108546ABEA80C6D77C /* Release */,
			);
			defaultConfigurationIsVisible = 0;
			defaultConfigurationName = Debug;
		};
		908E1DD0BED1EAAD2D366BA3 /* Build configuration list for PBXNativeTarget "iPinballTests" */ = {
			isa = XCConfigurationList;
			buildConfigurations = (
				7356D66323EC863ED4CB9DCD /* Debug */,
				D2301198BC9176F48960D2F7 /* Release */,
			);
			defaultConfigurationIsVisible = 0;
			defaultConfigurationName = Debug;
		};
		DB3CAE32B622E5614BD69770 /* Build configuration list for PBXNativeTarget "iPinball-macOS" */ = {
			isa = XCConfigurationList;
			buildConfigurations = (
				D57CE005949228B776D75ECC /* Debug */,
				5A0630E2FEBCAABDEE822D6E /* Release */,
			);
			defaultConfigurationIsVisible = 0;
			defaultConfigurationName = Debug;
		};
/* End XCConfigurationList section */
	};
	rootObject = AF3414AD4D17245C65DFFFDA /* Project object */;
}
